
Microsoft Visual Studio Solution File, Format Version 12.00
# Visual Studio Version 17
VisualStudioVersion = 17.3.32819.101
MinimumVisualStudioVersion = 10.0.40219.1
Project("{FAE04EC0-301F-11D3-BF4B-00C04F79EFBC}") = "CourseLibrary", "CourseLibrary\CourseLibrary.csproj", "{F272BE25-F350-442C-ABE5-4664353C6838}"
EndProject
Global
	GlobalSection(SolutionConfigurationPlatforms) = preSolution
		Debug|Any CPU = Debug|Any CPU
		Release|Any CPU = Release|Any CPU
	EndGlobalSection
	GlobalSection(ProjectConfigurationPlatforms) = postSolution
		{F272BE25-F350-442C-ABE5-4664353C6838}.Debug|Any CPU.ActiveCfg = Debug|Any CPU
		{F272BE25-F350-442C-ABE5-4664353C6838}.Debug|Any CPU.Build.0 = Debug|Any CPU
		{F272BE25-F350-442C-ABE5-4664353C6838}.Release|Any CPU.ActiveCfg = Release|Any CPU
		{F272BE25-F350-442C-ABE5-4664353C6838}.Release|Any CPU.Build.0 = Release|Any CPU
	EndGlobalSection
	GlobalSection(SolutionProperties) = preSolution
		HideSolutionNode = FALSE
	EndGlobalSection
	GlobalSection(ExtensibilityGlobals) = postSolution
		SolutionGuid = {FC4BAAAE-7DDD-46A0-BE25-33F4D727E75F}
	EndGlobalSection
EndGlobal
